
Microsoft Visual Studio Solution File, Format Version 12.00
# Visual Studio Version 17
VisualStudioVersion = 17.3.32819.101
MinimumVisualStudioVersion = 10.0.40219.1
Project("{9A19103F-16F7-4668-BE54-9A1E7A4F7556}") = "UnitTest.Web", "UnitTest.Web\UnitTest.Web.csproj", "{0407E733-5698-45C3-9675-820664CB4F1C}"
EndProject
Project("{FAE04EC0-301F-11D3-BF4B-00C04F79EFBC}") = "UnitTest.Test", "UnitTest.Test\UnitTest.Test.csproj", "{F3714C58-32BF-45ED-8E7B-5BEE1D939DF1}"
EndProject
Global
	GlobalSection(SolutionConfigurationPlatforms) = preSolution
		Debug|Any CPU = Debug|Any CPU
		Release|Any CPU = Release|Any CPU
	EndGlobalSection
	GlobalSection(ProjectConfigurationPlatforms) = postSolution
		{0407E733-5698-45C3-9675-820664CB4F1C}.Debug|Any CPU.ActiveCfg = Debug|Any CPU
		{0407E733-5698-45C3-9675-820664CB4F1C}.Debug|Any CPU.Build.0 = Debug|Any CPU
		{0407E733-5698-45C3-9675-820664CB4F1C}.Release|Any CPU.ActiveCfg = Release|Any CPU
		{0407E733-5698-45C3-9675-820664CB4F1C}.Release|Any CPU.Build.0 = Release|Any CPU
		{F3714C58-32BF-45ED-8E7B-5BEE1D939DF1}.Debug|Any CPU.ActiveCfg = Debug|Any CPU
		{F3714C58-32BF-45ED-8E7B-5BEE1D939DF1}.Debug|Any CPU.Build.0 = Debug|Any CPU
		{F3714C58-32BF-45ED-8E7B-5BEE1D939DF1}.Release|Any CPU.ActiveCfg = Release|Any CPU
		{F3714C58-32BF-45ED-8E7B-5BEE1D939DF1}.Release|Any CPU.Build.0 = Release|Any CPU
	EndGlobalSection
	GlobalSection(SolutionProperties) = preSolution
		HideSolutionNode = FALSE
	EndGlobalSection
	GlobalSection(ExtensibilityGlobals) = postSolution
		SolutionGuid = {6BB0544F-B4B1-40E5-AC0C-8B5D7208A722}
	EndGlobalSection
EndGlobal
