
Microsoft Visual Studio Solution File, Format Version 12.00
# Visual Studio Version 17
VisualStudioVersion = 17.3.32819.101
MinimumVisualStudioVersion = 10.0.40219.1
Project("{FAE04EC0-301F-11D3-BF4B-00C04F79EFBC}") = "UnitTest.Web", "UnitTest.Web\UnitTest.Web.csproj", "{AA20D2C3-D612-41CB-911F-82D81C1B0049}"
EndProject
Global
	GlobalSection(SolutionConfigurationPlatforms) = preSolution
		Debug|Any CPU = Debug|Any CPU
		Release|Any CPU = Release|Any CPU
	EndGlobalSection
	GlobalSection(ProjectConfigurationPlatforms) = postSolution
		{AA20D2C3-D612-41CB-911F-82D81C1B0049}.Debug|Any CPU.ActiveCfg = Debug|Any CPU
		{AA20D2C3-D612-41CB-911F-82D81C1B0049}.Debug|Any CPU.Build.0 = Debug|Any CPU
		{AA20D2C3-D612-41CB-911F-82D81C1B0049}.Release|Any CPU.ActiveCfg = Release|Any CPU
		{AA20D2C3-D612-41CB-911F-82D81C1B0049}.Release|Any CPU.Build.0 = Release|Any CPU
	EndGlobalSection
	GlobalSection(SolutionProperties) = preSolution
		HideSolutionNode = FALSE
	EndGlobalSection
	GlobalSection(ExtensibilityGlobals) = postSolution
		SolutionGuid = {A27B5248-4A3D-48F2-8553-6576E18F91A3}
	EndGlobalSection
EndGlobal
